// !$*UTF8*$!
{
	archiveVersion = 1;
	classes = {
	};
	objectVersion = 55;
	objects = {

/* Begin PBXBuildFile section */
		85DD274F583BBC237B33709E /* Pods_pokemon_emin_task.framework in Frameworks */ = {isa = PBXBuildFile; fileRef = F93F50C3A87DBB997CFDDC2B /* Pods_pokemon_emin_task.framework */; };
		8CC0395A2811789100F84F54 /* StoryBoardInstainte.swift in Sources */ = {isa = PBXBuildFile; fileRef = 8CC039592811789100F84F54 /* StoryBoardInstainte.swift */; };
		8CC0395C2811790500F84F54 /* HomeFlowVC.swift in Sources */ = {isa = PBXBuildFile; fileRef = 8CC0395B2811790500F84F54 /* HomeFlowVC.swift */; };
		8CC0395E2811792200F84F54 /* DetailFlow.storyboard in Resources */ = {isa = PBXBuildFile; fileRef = 8CC0395D2811792200F84F54 /* DetailFlow.storyboard */; };
		8CC039602811793400F84F54 /* DetailFlowVC.swift in Sources */ = {isa = PBXBuildFile; fileRef = 8CC0395F2811793400F84F54 /* DetailFlowVC.swift */; };
		8CC039622811794D00F84F54 /* DetailFlowVM.swift in Sources */ = {isa = PBXBuildFile; fileRef = 8CC039612811794D00F84F54 /* DetailFlowVM.swift */; };
		8CC039642811796C00F84F54 /* HomeFlowVM.swift in Sources */ = {isa = PBXBuildFile; fileRef = 8CC039632811796C00F84F54 /* HomeFlowVM.swift */; };
		8CC0396E28117BC800F84F54 /* HomeFlowCell.swift in Sources */ = {isa = PBXBuildFile; fileRef = 8CC0396C28117BC800F84F54 /* HomeFlowCell.swift */; };
		8CC0396F28117BC800F84F54 /* HomeFlowCell.xib in Resources */ = {isa = PBXBuildFile; fileRef = 8CC0396D28117BC800F84F54 /* HomeFlowCell.xib */; };
		8CE7B41B2810641000C72172 /* AppDelegate.swift in Sources */ = {isa = PBXBuildFile; fileRef = 8CE7B41A2810641000C72172 /* AppDelegate.swift */; };
		8CE7B41D2810641000C72172 /* SceneDelegate.swift in Sources */ = {isa = PBXBuildFile; fileRef = 8CE7B41C2810641000C72172 /* SceneDelegate.swift */; };
		8CE7B4222810641000C72172 /* Main.storyboard in Resources */ = {isa = PBXBuildFile; fileRef = 8CE7B4202810641000C72172 /* Main.storyboard */; };
		8CE7B4242810641200C72172 /* Assets.xcassets in Resources */ = {isa = PBXBuildFile; fileRef = 8CE7B4232810641200C72172 /* Assets.xcassets */; };
		8CE7B4272810641200C72172 /* LaunchScreen.storyboard in Resources */ = {isa = PBXBuildFile; fileRef = 8CE7B4252810641200C72172 /* LaunchScreen.storyboard */; };
/* End PBXBuildFile section */

/* Begin PBXFileReference section */
		067DA960193C98AAB04DAEBF /* Pods-pokemon-emin-task.release.xcconfig */ = {isa = PBXFileReference; includeInIndex = 1; lastKnownFileType = text.xcconfig; name = "Pods-pokemon-emin-task.release.xcconfig"; path = "Target Support Files/Pods-pokemon-emin-task/Pods-pokemon-emin-task.release.xcconfig"; sourceTree = "<group>"; };
		0FD403C7CBAA15A55AEB3F16 /* Pods-pokemon-emin-task.debug.xcconfig */ = {isa = PBXFileReference; includeInIndex = 1; lastKnownFileType = text.xcconfig; name = "Pods-pokemon-emin-task.debug.xcconfig"; path = "Target Support Files/Pods-pokemon-emin-task/Pods-pokemon-emin-task.debug.xcconfig"; sourceTree = "<group>"; };
		8CC039592811789100F84F54 /* StoryBoardInstainte.swift */ = {isa = PBXFileReference; lastKnownFileType = sourcecode.swift; path = StoryBoardInstainte.swift; sourceTree = "<group>"; };
		8CC0395B2811790500F84F54 /* HomeFlowVC.swift */ = {isa = PBXFileReference; lastKnownFileType = sourcecode.swift; path = HomeFlowVC.swift; sourceTree = "<group>"; };
		8CC0395D2811792200F84F54 /* DetailFlow.storyboard */ = {isa = PBXFileReference; lastKnownFileType = file.storyboard; path = DetailFlow.storyboard; sourceTree = "<group>"; };
		8CC0395F2811793400F84F54 /* DetailFlowVC.swift */ = {isa = PBXFileReference; lastKnownFileType = sourcecode.swift; path = DetailFlowVC.swift; sourceTree = "<group>"; };
		8CC039612811794D00F84F54 /* DetailFlowVM.swift */ = {isa = PBXFileReference; lastKnownFileType = sourcecode.swift; path = DetailFlowVM.swift; sourceTree = "<group>"; };
		8CC039632811796C00F84F54 /* HomeFlowVM.swift */ = {isa = PBXFileReference; lastKnownFileType = sourcecode.swift; path = HomeFlowVM.swift; sourceTree = "<group>"; };
		8CC0396C28117BC800F84F54 /* HomeFlowCell.swift */ = {isa = PBXFileReference; lastKnownFileType = sourcecode.swift; path = HomeFlowCell.swift; sourceTree = "<group>"; };
		8CC0396D28117BC800F84F54 /* HomeFlowCell.xib */ = {isa = PBXFileReference; lastKnownFileType = file.xib; path = HomeFlowCell.xib; sourceTree = "<group>"; };
		8CE7B4172810641000C72172 /* pokemon-emin-task.app */ = {isa = PBXFileReference; explicitFileType = wrapper.application; includeInIndex = 0; path = "pokemon-emin-task.app"; sourceTree = BUILT_PRODUCTS_DIR; };
		8CE7B41A2810641000C72172 /* AppDelegate.swift */ = {isa = PBXFileReference; lastKnownFileType = sourcecode.swift; path = AppDelegate.swift; sourceTree = "<group>"; };
		8CE7B41C2810641000C72172 /* SceneDelegate.swift */ = {isa = PBXFileReference; lastKnownFileType = sourcecode.swift; path = SceneDelegate.swift; sourceTree = "<group>"; };
		8CE7B4212810641000C72172 /* Base */ = {isa = PBXFileReference; lastKnownFileType = file.storyboard; name = Base; path = Base.lproj/Main.storyboard; sourceTree = "<group>"; };
		8CE7B4232810641200C72172 /* Assets.xcassets */ = {isa = PBXFileReference; lastKnownFileType = folder.assetcatalog; path = Assets.xcassets; sourceTree = "<group>"; };
		8CE7B4262810641200C72172 /* Base */ = {isa = PBXFileReference; lastKnownFileType = file.storyboard; name = Base; path = Base.lproj/LaunchScreen.storyboard; sourceTree = "<group>"; };
		8CE7B4282810641200C72172 /* Info.plist */ = {isa = PBXFileReference; lastKnownFileType = text.plist.xml; path = Info.plist; sourceTree = "<group>"; };
		F93F50C3A87DBB997CFDDC2B /* Pods_pokemon_emin_task.framework */ = {isa = PBXFileReference; explicitFileType = wrapper.framework; includeInIndex = 0; path = Pods_pokemon_emin_task.framework; sourceTree = BUILT_PRODUCTS_DIR; };
/* End PBXFileReference section */

/* Begin PBXFrameworksBuildPhase section */
		8CE7B4142810641000C72172 /* Frameworks */ = {
			isa = PBXFrameworksBuildPhase;
			buildActionMask = 2147483647;
			files = (
				85DD274F583BBC237B33709E /* Pods_pokemon_emin_task.framework in Frameworks */,
			);
			runOnlyForDeploymentPostprocessing = 0;
		};
/* End PBXFrameworksBuildPhase section */

/* Begin PBXGroup section */
		8CC039552811774E00F84F54 /* HomeFlow */ = {
			isa = PBXGroup;
			children = (
				8CE7B4202810641000C72172 /* Main.storyboard */,
				8CC0395B2811790500F84F54 /* HomeFlowVC.swift */,
				8CC039632811796C00F84F54 /* HomeFlowVM.swift */,
			);
			path = HomeFlow;
			sourceTree = "<group>";
		};
		8CC039562811775E00F84F54 /* DetailFlow */ = {
			isa = PBXGroup;
			children = (
				8CC0395D2811792200F84F54 /* DetailFlow.storyboard */,
				8CC0395F2811793400F84F54 /* DetailFlowVC.swift */,
				8CC039612811794D00F84F54 /* DetailFlowVM.swift */,
			);
			path = DetailFlow;
			sourceTree = "<group>";
		};
		8CC039572811776500F84F54 /* Commons */ = {
			isa = PBXGroup;
			children = (
				8CC039672811798A00F84F54 /* NetworkService */,
				8CC039662811798400F84F54 /* Model */,
				8CC039652811797B00F84F54 /* Cell */,
			);
			path = Commons;
			sourceTree = "<group>";
		};
		8CC039582811787400F84F54 /* Extension */ = {
			isa = PBXGroup;
			children = (
				8CC039592811789100F84F54 /* StoryBoardInstainte.swift */,
			);
			path = Extension;
			sourceTree = "<group>";
		};
		8CC039652811797B00F84F54 /* Cell */ = {
			isa = PBXGroup;
			children = (
				8CC0396C28117BC800F84F54 /* HomeFlowCell.swift */,
				8CC0396D28117BC800F84F54 /* HomeFlowCell.xib */,
			);
			path = Cell;
			sourceTree = "<group>";
		};
		8CC039662811798400F84F54 /* Model */ = {
			isa = PBXGroup;
			children = (
			);
			path = Model;
			sourceTree = "<group>";
		};
		8CC039672811798A00F84F54 /* NetworkService */ = {
			isa = PBXGroup;
			children = (
			);
			path = NetworkService;
			sourceTree = "<group>";
		};
		8CE7B40E2810641000C72172 = {
			isa = PBXGroup;
			children = (
				8CE7B4192810641000C72172 /* pokemon-emin-task */,
				8CE7B4182810641000C72172 /* Products */,
				8DBB5D246CD997110A5F6906 /* Pods */,
				CDB4F3BAFC790FAD9C4932FD /* Frameworks */,
			);
			sourceTree = "<group>";
		};
		8CE7B4182810641000C72172 /* Products */ = {
			isa = PBXGroup;
			children = (
				8CE7B4172810641000C72172 /* pokemon-emin-task.app */,
			);
			name = Products;
			sourceTree = "<group>";
		};
		8CE7B4192810641000C72172 /* pokemon-emin-task */ = {
			isa = PBXGroup;
			children = (
				8CC039582811787400F84F54 /* Extension */,
				8CC039572811776500F84F54 /* Commons */,
				8CC039562811775E00F84F54 /* DetailFlow */,
				8CC039552811774E00F84F54 /* HomeFlow */,
				8CE7B41A2810641000C72172 /* AppDelegate.swift */,
				8CE7B41C2810641000C72172 /* SceneDelegate.swift */,
				8CE7B4232810641200C72172 /* Assets.xcassets */,
				8CE7B4252810641200C72172 /* LaunchScreen.storyboard */,
				8CE7B4282810641200C72172 /* Info.plist */,
			);
			path = "pokemon-emin-task";
			sourceTree = "<group>";
		};
		8DBB5D246CD997110A5F6906 /* Pods */ = {
			isa = PBXGroup;
			children = (
				0FD403C7CBAA15A55AEB3F16 /* Pods-pokemon-emin-task.debug.xcconfig */,
				067DA960193C98AAB04DAEBF /* Pods-pokemon-emin-task.release.xcconfig */,
			);
			path = Pods;
			sourceTree = "<group>";
		};
		CDB4F3BAFC790FAD9C4932FD /* Frameworks */ = {
			isa = PBXGroup;
			children = (
				F93F50C3A87DBB997CFDDC2B /* Pods_pokemon_emin_task.framework */,
			);
			name = Frameworks;
			sourceTree = "<group>";
		};
/* End PBXGroup section */

/* Begin PBXNativeTarget section */
		8CE7B4162810641000C72172 /* pokemon-emin-task */ = {
			isa = PBXNativeTarget;
			buildConfigurationList = 8CE7B42B2810641200C72172 /* Build configuration list for PBXNativeTarget "pokemon-emin-task" */;
			buildPhases = (
				8084DCF0B175981E09818738 /* [CP] Check Pods Manifest.lock */,
				8CE7B4132810641000C72172 /* Sources */,
				8CE7B4142810641000C72172 /* Frameworks */,
				8CE7B4152810641000C72172 /* Resources */,
			);
			buildRules = (
			);
			dependencies = (
			);
			name = "pokemon-emin-task";
			productName = "pokemon-emin-task";
			productReference = 8CE7B4172810641000C72172 /* pokemon-emin-task.app */;
			productType = "com.apple.product-type.application";
		};
/* End PBXNativeTarget section */

/* Begin PBXProject section */
		8CE7B40F2810641000C72172 /* Project object */ = {
			isa = PBXProject;
			attributes = {
				BuildIndependentTargetsInParallel = 1;
				LastSwiftUpdateCheck = 1320;
				LastUpgradeCheck = 1320;
				TargetAttributes = {
					8CE7B4162810641000C72172 = {
						CreatedOnToolsVersion = 13.2.1;
					};
				};
			};
			buildConfigurationList = 8CE7B4122810641000C72172 /* Build configuration list for PBXProject "pokemon-emin-task" */;
			compatibilityVersion = "Xcode 13.0";
			developmentRegion = en;
			hasScannedForEncodings = 0;
			knownRegions = (
				en,
				Base,
			);
			mainGroup = 8CE7B40E2810641000C72172;
			productRefGroup = 8CE7B4182810641000C72172 /* Products */;
			projectDirPath = "";
			projectRoot = "";
			targets = (
				8CE7B4162810641000C72172 /* pokemon-emin-task */,
			);
		};
/* End PBXProject section */

/* Begin PBXResourcesBuildPhase section */
		8CE7B4152810641000C72172 /* Resources */ = {
			isa = PBXResourcesBuildPhase;
			buildActionMask = 2147483647;
			files = (
				8CE7B4272810641200C72172 /* LaunchScreen.storyboard in Resources */,
				8CC0396F28117BC800F84F54 /* HomeFlowCell.xib in Resources */,
				8CE7B4242810641200C72172 /* Assets.xcassets in Resources */,
				8CE7B4222810641000C72172 /* Main.storyboard in Resources */,
				8CC0395E2811792200F84F54 /* DetailFlow.storyboard in Resources */,
			);
			runOnlyForDeploymentPostprocessing = 0;
		};
/* End PBXResourcesBuildPhase section */

/* Begin PBXShellScriptBuildPhase section */
		8084DCF0B175981E09818738 /* [CP] Check Pods Manifest.lock */ = {
			isa = PBXShellScriptBuildPhase;
			buildActionMask = 2147483647;
			files = (
			);
			inputFileListPaths = (
			);
			inputPaths = (
				"${PODS_PODFILE_DIR_PATH}/Podfile.lock",
				"${PODS_ROOT}/Manifest.lock",
			);
			name = "[CP] Check Pods Manifest.lock";
			outputFileListPaths = (
			);
			outputPaths = (
				"$(DERIVED_FILE_DIR)/Pods-pokemon-emin-task-checkManifestLockResult.txt",
			);
			runOnlyForDeploymentPostprocessing = 0;
			shellPath = /bin/sh;
			shellScript = "diff \"${PODS_PODFILE_DIR_PATH}/Podfile.lock\" \"${PODS_ROOT}/Manifest.lock\" > /dev/null\nif [ $? != 0 ] ; then\n    # print error to STDERR\n    echo \"error: The sandbox is not in sync with the Podfile.lock. Run 'pod install' or update your CocoaPods installation.\" >&2\n    exit 1\nfi\n# This output is used by Xcode 'outputs' to avoid re-running this script phase.\necho \"SUCCESS\" > \"${SCRIPT_OUTPUT_FILE_0}\"\n";
			showEnvVarsInLog = 0;
		};
/* End PBXShellScriptBuildPhase section */

/* Begin PBXSourcesBuildPhase section */
		8CE7B4132810641000C72172 /* Sources */ = {
			isa = PBXSourcesBuildPhase;
			buildActionMask = 2147483647;
			files = (
				8CC0395A2811789100F84F54 /* StoryBoardInstainte.swift in Sources */,
				8CC0395C2811790500F84F54 /* HomeFlowVC.swift in Sources */,
				8CE7B41B2810641000C72172 /* AppDelegate.swift in Sources */,
				8CC039602811793400F84F54 /* DetailFlowVC.swift in Sources */,
				8CE7B41D2810641000C72172 /* SceneDelegate.swift in Sources */,
				8CC039642811796C00F84F54 /* HomeFlowVM.swift in Sources */,
				8CC0396E28117BC800F84F54 /* HomeFlowCell.swift in Sources */,
				8CC039622811794D00F84F54 /* DetailFlowVM.swift in Sources */,
			);
			runOnlyForDeploymentPostprocessing = 0;
		};
/* End PBXSourcesBuildPhase section */

/* Begin PBXVariantGroup section */
		8CE7B4202810641000C72172 /* Main.storyboard */ = {
			isa = PBXVariantGroup;
			children = (
				8CE7B4212810641000C72172 /* Base */,
			);
			name = Main.storyboard;
			sourceTree = "<group>";
		};
		8CE7B4252810641200C72172 /* LaunchScreen.storyboard */ = {
			isa = PBXVariantGroup;
			children = (
				8CE7B4262810641200C72172 /* Base */,
			);
			name = LaunchScreen.storyboard;
			sourceTree = "<group>";
		};
/* End PBXVariantGroup section */

/* Begin XCBuildConfiguration section */
		8CE7B4292810641200C72172 /* Debug */ = {
			isa = XCBuildConfiguration;
			buildSettings = {
				ALWAYS_SEARCH_USER_PATHS = NO;
				CLANG_ANALYZER_NONNULL = YES;
				CLANG_ANALYZER_NUMBER_OBJECT_CONVERSION = YES_AGGRESSIVE;
				CLANG_CXX_LANGUAGE_STANDARD = "gnu++17";
				CLANG_CXX_LIBRARY = "libc++";
				CLANG_ENABLE_MODULES = YES;
				CLANG_ENABLE_OBJC_ARC = YES;
				CLANG_ENABLE_OBJC_WEAK = YES;
				CLANG_WARN_BLOCK_CAPTURE_AUTORELEASING = YES;
				CLANG_WARN_BOOL_CONVERSION = YES;
				CLANG_WARN_COMMA = YES;
				CLANG_WARN_CONSTANT_CONVERSION = YES;
				CLANG_WARN_DEPRECATED_OBJC_IMPLEMENTATIONS = YES;
				CLANG_WARN_DIRECT_OBJC_ISA_USAGE = YES_ERROR;
				CLANG_WARN_DOCUMENTATION_COMMENTS = YES;
				CLANG_WARN_EMPTY_BODY = YES;
				CLANG_WARN_ENUM_CONVERSION = YES;
				CLANG_WARN_INFINITE_RECURSION = YES;
				CLANG_WARN_INT_CONVERSION = YES;
				CLANG_WARN_NON_LITERAL_NULL_CONVERSION = YES;
				CLANG_WARN_OBJC_IMPLICIT_RETAIN_SELF = YES;
				CLANG_WARN_OBJC_LITERAL_CONVERSION = YES;
				CLANG_WARN_OBJC_ROOT_CLASS = YES_ERROR;
				CLANG_WARN_QUOTED_INCLUDE_IN_FRAMEWORK_HEADER = YES;
				CLANG_WARN_RANGE_LOOP_ANALYSIS = YES;
				CLANG_WARN_STRICT_PROTOTYPES = YES;
				CLANG_WARN_SUSPICIOUS_MOVE = YES;
				CLANG_WARN_UNGUARDED_AVAILABILITY = YES_AGGRESSIVE;
				CLANG_WARN_UNREACHABLE_CODE = YES;
				CLANG_WARN__DUPLICATE_METHOD_MATCH = YES;
				COPY_PHASE_STRIP = NO;
				DEBUG_INFORMATION_FORMAT = dwarf;
				ENABLE_STRICT_OBJC_MSGSEND = YES;
				ENABLE_TESTABILITY = YES;
				GCC_C_LANGUAGE_STANDARD = gnu11;
				GCC_DYNAMIC_NO_PIC = NO;
				GCC_NO_COMMON_BLOCKS = YES;
				GCC_OPTIMIZATION_LEVEL = 0;
				GCC_PREPROCESSOR_DEFINITIONS = (
					"DEBUG=1",
					"$(inherited)",
				);
				GCC_WARN_64_TO_32_BIT_CONVERSION = YES;
				GCC_WARN_ABOUT_RETURN_TYPE = YES_ERROR;
				GCC_WARN_UNDECLARED_SELECTOR = YES;
				GCC_WARN_UNINITIALIZED_AUTOS = YES_AGGRESSIVE;
				GCC_WARN_UNUSED_FUNCTION = YES;
				GCC_WARN_UNUSED_VARIABLE = YES;
				IPHONEOS_DEPLOYMENT_TARGET = 15.2;
				MTL_ENABLE_DEBUG_INFO = INCLUDE_SOURCE;
				MTL_FAST_MATH = YES;
				ONLY_ACTIVE_ARCH = YES;
				SDKROOT = iphoneos;
				SWIFT_ACTIVE_COMPILATION_CONDITIONS = DEBUG;
				SWIFT_OPTIMIZATION_LEVEL = "-Onone";
			};
			name = Debug;
		};
		8CE7B42A2810641200C72172 /* Release */ = {
			isa = XCBuildConfiguration;
			buildSettings = {
				ALWAYS_SEARCH_USER_PATHS = NO;
				CLANG_ANALYZER_NONNULL = YES;
				CLANG_ANALYZER_NUMBER_OBJECT_CONVERSION = YES_AGGRESSIVE;
				CLANG_CXX_LANGUAGE_STANDARD = "gnu++17";
				CLANG_CXX_LIBRARY = "libc++";
				CLANG_ENABLE_MODULES = YES;
				CLANG_ENABLE_OBJC_ARC = YES;
				CLANG_ENABLE_OBJC_WEAK = YES;
				CLANG_WARN_BLOCK_CAPTURE_AUTORELEASING = YES;
				CLANG_WARN_BOOL_CONVERSION = YES;
				CLANG_WARN_COMMA = YES;
				CLANG_WARN_CONSTANT_CONVERSION = YES;
				CLANG_WARN_DEPRECATED_OBJC_IMPLEMENTATIONS = YES;
				CLANG_WARN_DIRECT_OBJC_ISA_USAGE = YES_ERROR;
				CLANG_WARN_DOCUMENTATION_COMMENTS = YES;
				CLANG_WARN_EMPTY_BODY = YES;
				CLANG_WARN_ENUM_CONVERSION = YES;
				CLANG_WARN_INFINITE_RECURSION = YES;
				CLANG_WARN_INT_CONVERSION = YES;
				CLANG_WARN_NON_LITERAL_NULL_CONVERSION = YES;
				CLANG_WARN_OBJC_IMPLICIT_RETAIN_SELF = YES;
				CLANG_WARN_OBJC_LITERAL_CONVERSION = YES;
				CLANG_WARN_OBJC_ROOT_CLASS = YES_ERROR;
				CLANG_WARN_QUOTED_INCLUDE_IN_FRAMEWORK_HEADER = YES;
				CLANG_WARN_RANGE_LOOP_ANALYSIS = YES;
				CLANG_WARN_STRICT_PROTOTYPES = YES;
				CLANG_WARN_SUSPICIOUS_MOVE = YES;
				CLANG_WARN_UNGUARDED_AVAILABILITY = YES_AGGRESSIVE;
				CLANG_WARN_UNREACHABLE_CODE = YES;
				CLANG_WARN__DUPLICATE_METHOD_MATCH = YES;
				COPY_PHASE_STRIP = NO;
				DEBUG_INFORMATION_FORMAT = "dwarf-with-dsym";
				ENABLE_NS_ASSERTIONS = NO;
				ENABLE_STRICT_OBJC_MSGSEND = YES;
				GCC_C_LANGUAGE_STANDARD = gnu11;
				GCC_NO_COMMON_BLOCKS = YES;
				GCC_WARN_64_TO_32_BIT_CONVERSION = YES;
				GCC_WARN_ABOUT_RETURN_TYPE = YES_ERROR;
				GCC_WARN_UNDECLARED_SELECTOR = YES;
				GCC_WARN_UNINITIALIZED_AUTOS = YES_AGGRESSIVE;
				GCC_WARN_UNUSED_FUNCTION = YES;
				GCC_WARN_UNUSED_VARIABLE = YES;
				IPHONEOS_DEPLOYMENT_TARGET = 15.2;
				MTL_ENABLE_DEBUG_INFO = NO;
				MTL_FAST_MATH = YES;
				SDKROOT = iphoneos;
				SWIFT_COMPILATION_MODE = wholemodule;
				SWIFT_OPTIMIZATION_LEVEL = "-O";
				VALIDATE_PRODUCT = YES;
			};
			name = Release;
		};
		8CE7B42C2810641200C72172 /* Debug */ = {
			isa = XCBuildConfiguration;
			baseConfigurationReference = 0FD403C7CBAA15A55AEB3F16 /* Pods-pokemon-emin-task.debug.xcconfig */;
			buildSettings = {
				ASSETCATALOG_COMPILER_APPICON_NAME = AppIcon;
				ASSETCATALOG_COMPILER_GLOBAL_ACCENT_COLOR_NAME = AccentColor;
				CODE_SIGN_STYLE = Automatic;
				CURRENT_PROJECT_VERSION = 1;
				DEVELOPMENT_TEAM = ZUBBCB62N3;
				GENERATE_INFOPLIST_FILE = YES;
				INFOPLIST_FILE = "pokemon-emin-task/Info.plist";
				INFOPLIST_KEY_UIApplicationSupportsIndirectInputEvents = YES;
				INFOPLIST_KEY_UILaunchStoryboardName = LaunchScreen;
				INFOPLIST_KEY_UIMainStoryboardFile = Main;
				INFOPLIST_KEY_UISupportedInterfaceOrientations_iPad = "UIInterfaceOrientationPortrait UIInterfaceOrientationPortraitUpsideDown UIInterfaceOrientationLandscapeLeft UIInterfaceOrientationLandscapeRight";
				INFOPLIST_KEY_UISupportedInterfaceOrientations_iPhone = "UIInterfaceOrientationPortrait UIInterfaceOrientationLandscapeLeft UIInterfaceOrientationLandscapeRight";
				LD_RUNPATH_SEARCH_PATHS = (
					"$(inherited)",
					"@executable_path/Frameworks",
				);
				MARKETING_VERSION = 1.0;
				PRODUCT_BUNDLE_IDENTIFIER = "com.pokemon-emin-task";
				PRODUCT_NAME = "$(TARGET_NAME)";
				SWIFT_EMIT_LOC_STRINGS = YES;
				SWIFT_VERSION = 5.0;
				TARGETED_DEVICE_FAMILY = 1;
			};
			name = Debug;
		};
		8CE7B42D2810641200C72172 /* Release */ = {
			isa = XCBuildConfiguration;
			baseConfigurationReference = 067DA960193C98AAB04DAEBF /* Pods-pokemon-emin-task.release.xcconfig */;
			buildSettings = {
				ASSETCATALOG_COMPILER_APPICON_NAME = AppIcon;
				ASSETCATALOG_COMPILER_GLOBAL_ACCENT_COLOR_NAME = AccentColor;
				CODE_SIGN_STYLE = Automatic;
				CURRENT_PROJECT_VERSION = 1;
				DEVELOPMENT_TEAM = ZUBBCB62N3;
				GENERATE_INFOPLIST_FILE = YES;
				INFOPLIST_FILE = "pokemon-emin-task/Info.plist";
				INFOPLIST_KEY_UIApplicationSupportsIndirectInputEvents = YES;
				INFOPLIST_KEY_UILaunchStoryboardName = LaunchScreen;
				INFOPLIST_KEY_UIMainStoryboardFile = Main;
				INFOPLIST_KEY_UISupportedInterfaceOrientations_iPad = "UIInterfaceOrientationPortrait UIInterfaceOrientationPortraitUpsideDown UIInterfaceOrientationLandscapeLeft UIInterfaceOrientationLandscapeRight";
				INFOPLIST_KEY_UISupportedInterfaceOrientations_iPhone = "UIInterfaceOrientationPortrait UIInterfaceOrientationLandscapeLeft UIInterfaceOrientationLandscapeRight";
				LD_RUNPATH_SEARCH_PATHS = (
					"$(inherited)",
					"@executable_path/Frameworks",
				);
				MARKETING_VERSION = 1.0;
				PRODUCT_BUNDLE_IDENTIFIER = "com.pokemon-emin-task";
				PRODUCT_NAME = "$(TARGET_NAME)";
				SWIFT_EMIT_LOC_STRINGS = YES;
				SWIFT_VERSION = 5.0;
				TARGETED_DEVICE_FAMILY = 1;
			};
			name = Release;
		};
/* End XCBuildConfiguration section */

/* Begin XCConfigurationList section */
		8CE7B4122810641000C72172 /* Build configuration list for PBXProject "pokemon-emin-task" */ = {
			isa = XCConfigurationList;
			buildConfigurations = (
				8CE7B4292810641200C72172 /* Debug */,
				8CE7B42A2810641200C72172 /* Release */,
			);
			defaultConfigurationIsVisible = 0;
			defaultConfigurationName = Release;
		};
		8CE7B42B2810641200C72172 /* Build configuration list for PBXNativeTarget "pokemon-emin-task" */ = {
			isa = XCConfigurationList;
			buildConfigurations = (
				8CE7B42C2810641200C72172 /* Debug */,
				8CE7B42D2810641200C72172 /* Release */,
			);
			defaultConfigurationIsVisible = 0;
			defaultConfigurationName = Release;
		};
/* End XCConfigurationList section */
	};
	rootObject = 8CE7B40F2810641000C72172 /* Project object */;
}
